
Microsoft Visual Studio Solution File, Format Version 12.00
# Visual Studio 15
VisualStudioVersion = 15.0.26730.3
MinimumVisualStudioVersion = 10.0.40219.1
Project("{FAE04EC0-301F-11D3-BF4B-00C04F79EFBC}") = "cnbr_food_a1", "cnbr_food_a1\cnbr_food_a1.csproj", "{EFC8DBB7-8F26-41CC-B455-27055AA667EC}"
EndProject
Global
	GlobalSection(SolutionConfigurationPlatforms) = preSolution
		Debug|Any CPU = Debug|Any CPU
		Release|Any CPU = Release|Any CPU
	EndGlobalSection
	GlobalSection(ProjectConfigurationPlatforms) = postSolution
		{EFC8DBB7-8F26-41CC-B455-27055AA667EC}.Debug|Any CPU.ActiveCfg = Debug|Any CPU
		{EFC8DBB7-8F26-41CC-B455-27055AA667EC}.Debug|Any CPU.Build.0 = Debug|Any CPU
		{EFC8DBB7-8F26-41CC-B455-27055AA667EC}.Release|Any CPU.ActiveCfg = Release|Any CPU
		{EFC8DBB7-8F26-41CC-B455-27055AA667EC}.Release|Any CPU.Build.0 = Release|Any CPU
	EndGlobalSection
	GlobalSection(SolutionProperties) = preSolution
		HideSolutionNode = FALSE
	EndGlobalSection
	GlobalSection(ExtensibilityGlobals) = postSolution
		SolutionGuid = {058FF017-6797-49DE-B0E6-DEE38A5404CA}
	EndGlobalSection
EndGlobal
